Microsoft Visual Studio Solution File, Format Version 12.00
# Visual Studio Version 17
VisualStudioVersion = 17.5.2.0
MinimumVisualStudioVersion = 10.0.40219.1
Project("{FAE04EC0-301F-11D3-BF4B-00C04F79EFBC}") = "Actividad1", "Actividad1\Actividad1.csproj", "{5C76D37D-DE15-FB3D-F9E1-04030DA2C8FB}"
EndProject
Global
	GlobalSection(SolutionConfigurationPlatforms) = preSolution
		Debug|Any CPU = Debug|Any CPU
		Release|Any CPU = Release|Any CPU
	EndGlobalSection
	GlobalSection(ProjectConfigurationPlatforms) = postSolution
		{5C76D37D-DE15-FB3D-F9E1-04030DA2C8FB}.Debug|Any CPU.ActiveCfg = Debug|Any CPU
		{5C76D37D-DE15-FB3D-F9E1-04030DA2C8FB}.Debug|Any CPU.Build.0 = Debug|Any CPU
		{5C76D37D-DE15-FB3D-F9E1-04030DA2C8FB}.Release|Any CPU.ActiveCfg = Release|Any CPU
		{5C76D37D-DE15-FB3D-F9E1-04030DA2C8FB}.Release|Any CPU.Build.0 = Release|Any CPU
	EndGlobalSection
	GlobalSection(SolutionProperties) = preSolution
		HideSolutionNode = FALSE
	EndGlobalSection
	GlobalSection(ExtensibilityGlobals) = postSolution
		SolutionGuid = {B53D2DBA-BEA9-4819-9A1C-5D693ACD2764}
	EndGlobalSection
EndGlobal
